# This file is automatically @generated by Cargo.
# It is not intended for manual editing.
version = 3

[[package]]
name = "add_two_numbers"
version = "0.1.0"
dependencies = [
 "libs",
]

[[package]]
name = "container-with-most-water"
version = "0.1.0"

[[package]]
name = "int_to_roman"
version = "0.1.0"

[[package]]
name = "leetcode_problems"
version = "0.1.0"

[[package]]
name = "libs"
version = "0.1.0"

[[package]]
name = "longest-palindromic-substring"
version = "0.1.0"

[[package]]
name = "longest-substring-without-repeating-characters"
version = "0.1.0"

[[package]]
name = "median-of-two-sorted-arrays"
version = "0.1.0"

[[package]]
name = "palindrome-number"
version = "0.1.0"

[[package]]
name = "reverse-integer"
version = "0.1.0"

[[package]]
name = "roman-to-integer"
version = "0.1.0"

[[package]]
name = "string-to-integer-atoi"
version = "0.1.0"

[[package]]
name = "two_sum"
version = "0.1.0"
